
Microsoft Visual Studio Solution File, Format Version 12.00
# Visual Studio Version 16
VisualStudioVersion = 16.0.30914.41
MinimumVisualStudioVersion = 10.0.40219.1
Project("{9A19103F-16F7-4668-BE54-9A1E7A4F7556}") = "Caviar.Demo.AntDesignUI", "Demo\Wasm\Caviar.Demo.AntDesignUI\Caviar.Demo.AntDesignUI.csproj", "{09911180-2079-480E-8847-DBE226A84063}"
EndProject
Project("{9A19103F-16F7-4668-BE54-9A1E7A4F7556}") = "Caviar.Demo.WebAPI", "Demo\Wasm\Caviar.Demo.WebAPI\Caviar.Demo.WebAPI.csproj", "{632F1BC9-FE83-44A0-81A9-53C1D6347808}"
EndProject
Project("{2150E333-8FDC-42A3-9474-1A3956D46DE8}") = "Src", "Src", "{3CE2E1D7-92D2-4A4D-B9BA-DC431B50CFDD}"
EndProject
Project("{2150E333-8FDC-42A3-9474-1A3956D46DE8}") = "Demo", "Demo", "{9DAECA53-D4A1-40A2-8BBF-BE7F9DE08406}"
EndProject
Project("{2150E333-8FDC-42A3-9474-1A3956D46DE8}") = "Wasm", "Wasm", "{86352F2D-5731-4F15-A7AE-0FAA64FFB6B6}"
EndProject
Project("{9A19103F-16F7-4668-BE54-9A1E7A4F7556}") = "Caviar.Infrastructure", "Src\Caviar.Infrastructure\Caviar.Infrastructure.csproj", "{473768FF-C356-4016-A7D5-6A7F67078A8C}"
EndProject
Project("{9A19103F-16F7-4668-BE54-9A1E7A4F7556}") = "Caviar.SharedKernel", "Src\Caviar.SharedKernel\Caviar.SharedKernel.csproj", "{5952F161-F634-4413-95BF-C5F8D9A5D1F4}"
EndProject
Project("{9A19103F-16F7-4668-BE54-9A1E7A4F7556}") = "Caviar.AntDesignUI", "Src\Caviar.AntDesignUI\Caviar.AntDesignUI.csproj", "{A9C10F8A-0B28-4657-AC1C-A9AA5CE8C2F4}"
EndProject
Project("{9A19103F-16F7-4668-BE54-9A1E7A4F7556}") = "Caviar.Core", "Src\Caviar.Core\Caviar.Core.csproj", "{96C78FE3-C85E-4B81-8E0E-7BF613EDC5E6}"
EndProject
Project("{9A19103F-16F7-4668-BE54-9A1E7A4F7556}") = "Caviar.Core.copy", "Src\Caviar.Core.copy\Caviar.Core.copy.csproj", "{AF01D5FB-AF4D-400E-B2D4-B4FA36A1AB4C}"
EndProject
Project("{2150E333-8FDC-42A3-9474-1A3956D46DE8}") = "Tests", "Tests", "{652A3E8E-BDEF-4641-BF19-8E4F5113677A}"
EndProject
Project("{9A19103F-16F7-4668-BE54-9A1E7A4F7556}") = "Caviar.UnitTest", "Tests\Caviar.UnitTest\Caviar.UnitTest.csproj", "{4ABC3EB6-5C45-47E7-B45A-C57C00193AB3}"
EndProject
Project("{9A19103F-16F7-4668-BE54-9A1E7A4F7556}") = "Caviar.FunctionalTests", "Tests\Caviar.FunctionalTests\Caviar.FunctionalTests.csproj", "{8533BAFD-67A0-4500-935E-D3855C3F5A74}"
EndProject
Project("{9A19103F-16F7-4668-BE54-9A1E7A4F7556}") = "Caviar.IntegrationTests", "Tests\Caviar.IntegrationTests\Caviar.IntegrationTests.csproj", "{2DC3E55C-89A7-40CA-A9E3-16175DA5D8E3}"
EndProject
Global
	GlobalSection(SolutionConfigurationPlatforms) = preSolution
		Debug|Any CPU = Debug|Any CPU
		Release|Any CPU = Release|Any CPU
	EndGlobalSection
	GlobalSection(ProjectConfigurationPlatforms) = postSolution
		{09911180-2079-480E-8847-DBE226A84063}.Debug|Any CPU.ActiveCfg = Debug|Any CPU
		{09911180-2079-480E-8847-DBE226A84063}.Debug|Any CPU.Build.0 = Debug|Any CPU
		{09911180-2079-480E-8847-DBE226A84063}.Release|Any CPU.ActiveCfg = Release|Any CPU
		{09911180-2079-480E-8847-DBE226A84063}.Release|Any CPU.Build.0 = Release|Any CPU
		{632F1BC9-FE83-44A0-81A9-53C1D6347808}.Debug|Any CPU.ActiveCfg = Debug|Any CPU
		{632F1BC9-FE83-44A0-81A9-53C1D6347808}.Debug|Any CPU.Build.0 = Debug|Any CPU
		{632F1BC9-FE83-44A0-81A9-53C1D6347808}.Release|Any CPU.ActiveCfg = Release|Any CPU
		{632F1BC9-FE83-44A0-81A9-53C1D6347808}.Release|Any CPU.Build.0 = Release|Any CPU
		{473768FF-C356-4016-A7D5-6A7F67078A8C}.Debug|Any CPU.ActiveCfg = Debug|Any CPU
		{473768FF-C356-4016-A7D5-6A7F67078A8C}.Debug|Any CPU.Build.0 = Debug|Any CPU
		{473768FF-C356-4016-A7D5-6A7F67078A8C}.Release|Any CPU.ActiveCfg = Release|Any CPU
		{473768FF-C356-4016-A7D5-6A7F67078A8C}.Release|Any CPU.Build.0 = Release|Any CPU
		{5952F161-F634-4413-95BF-C5F8D9A5D1F4}.Debug|Any CPU.ActiveCfg = Debug|Any CPU
		{5952F161-F634-4413-95BF-C5F8D9A5D1F4}.Debug|Any CPU.Build.0 = Debug|Any CPU
		{5952F161-F634-4413-95BF-C5F8D9A5D1F4}.Release|Any CPU.ActiveCfg = Release|Any CPU
		{5952F161-F634-4413-95BF-C5F8D9A5D1F4}.Release|Any CPU.Build.0 = Release|Any CPU
		{A9C10F8A-0B28-4657-AC1C-A9AA5CE8C2F4}.Debug|Any CPU.ActiveCfg = Debug|Any CPU
		{A9C10F8A-0B28-4657-AC1C-A9AA5CE8C2F4}.Debug|Any CPU.Build.0 = Debug|Any CPU
		{A9C10F8A-0B28-4657-AC1C-A9AA5CE8C2F4}.Release|Any CPU.ActiveCfg = Release|Any CPU
		{A9C10F8A-0B28-4657-AC1C-A9AA5CE8C2F4}.Release|Any CPU.Build.0 = Release|Any CPU
		{96C78FE3-C85E-4B81-8E0E-7BF613EDC5E6}.Debug|Any CPU.ActiveCfg = Debug|Any CPU
		{96C78FE3-C85E-4B81-8E0E-7BF613EDC5E6}.Debug|Any CPU.Build.0 = Debug|Any CPU
		{96C78FE3-C85E-4B81-8E0E-7BF613EDC5E6}.Release|Any CPU.ActiveCfg = Release|Any CPU
		{96C78FE3-C85E-4B81-8E0E-7BF613EDC5E6}.Release|Any CPU.Build.0 = Release|Any CPU
		{AF01D5FB-AF4D-400E-B2D4-B4FA36A1AB4C}.Debug|Any CPU.ActiveCfg = Debug|Any CPU
		{AF01D5FB-AF4D-400E-B2D4-B4FA36A1AB4C}.Debug|Any CPU.Build.0 = Debug|Any CPU
		{AF01D5FB-AF4D-400E-B2D4-B4FA36A1AB4C}.Release|Any CPU.ActiveCfg = Release|Any CPU
		{AF01D5FB-AF4D-400E-B2D4-B4FA36A1AB4C}.Release|Any CPU.Build.0 = Release|Any CPU
		{4ABC3EB6-5C45-47E7-B45A-C57C00193AB3}.Debug|Any CPU.ActiveCfg = Debug|Any CPU
		{4ABC3EB6-5C45-47E7-B45A-C57C00193AB3}.Debug|Any CPU.Build.0 = Debug|Any CPU
		{4ABC3EB6-5C45-47E7-B45A-C57C00193AB3}.Release|Any CPU.ActiveCfg = Release|Any CPU
		{4ABC3EB6-5C45-47E7-B45A-C57C00193AB3}.Release|Any CPU.Build.0 = Release|Any CPU
		{8533BAFD-67A0-4500-935E-D3855C3F5A74}.Debug|Any CPU.ActiveCfg = Debug|Any CPU
		{8533BAFD-67A0-4500-935E-D3855C3F5A74}.Debug|Any CPU.Build.0 = Debug|Any CPU
		{8533BAFD-67A0-4500-935E-D3855C3F5A74}.Release|Any CPU.ActiveCfg = Release|Any CPU
		{8533BAFD-67A0-4500-935E-D3855C3F5A74}.Release|Any CPU.Build.0 = Release|Any CPU
		{2DC3E55C-89A7-40CA-A9E3-16175DA5D8E3}.Debug|Any CPU.ActiveCfg = Debug|Any CPU
		{2DC3E55C-89A7-40CA-A9E3-16175DA5D8E3}.Debug|Any CPU.Build.0 = Debug|Any CPU
		{2DC3E55C-89A7-40CA-A9E3-16175DA5D8E3}.Release|Any CPU.ActiveCfg = Release|Any CPU
		{2DC3E55C-89A7-40CA-A9E3-16175DA5D8E3}.Release|Any CPU.Build.0 = Release|Any CPU
	EndGlobalSection
	GlobalSection(SolutionProperties) = preSolution
		HideSolutionNode = FALSE
	EndGlobalSection
	GlobalSection(NestedProjects) = preSolution
		{09911180-2079-480E-8847-DBE226A84063} = {86352F2D-5731-4F15-A7AE-0FAA64FFB6B6}
		{632F1BC9-FE83-44A0-81A9-53C1D6347808} = {86352F2D-5731-4F15-A7AE-0FAA64FFB6B6}
		{86352F2D-5731-4F15-A7AE-0FAA64FFB6B6} = {9DAECA53-D4A1-40A2-8BBF-BE7F9DE08406}
		{473768FF-C356-4016-A7D5-6A7F67078A8C} = {3CE2E1D7-92D2-4A4D-B9BA-DC431B50CFDD}
		{5952F161-F634-4413-95BF-C5F8D9A5D1F4} = {3CE2E1D7-92D2-4A4D-B9BA-DC431B50CFDD}
		{A9C10F8A-0B28-4657-AC1C-A9AA5CE8C2F4} = {3CE2E1D7-92D2-4A4D-B9BA-DC431B50CFDD}
		{96C78FE3-C85E-4B81-8E0E-7BF613EDC5E6} = {3CE2E1D7-92D2-4A4D-B9BA-DC431B50CFDD}
		{AF01D5FB-AF4D-400E-B2D4-B4FA36A1AB4C} = {3CE2E1D7-92D2-4A4D-B9BA-DC431B50CFDD}
		{4ABC3EB6-5C45-47E7-B45A-C57C00193AB3} = {652A3E8E-BDEF-4641-BF19-8E4F5113677A}
		{8533BAFD-67A0-4500-935E-D3855C3F5A74} = {652A3E8E-BDEF-4641-BF19-8E4F5113677A}
		{2DC3E55C-89A7-40CA-A9E3-16175DA5D8E3} = {652A3E8E-BDEF-4641-BF19-8E4F5113677A}
	EndGlobalSection
	GlobalSection(ExtensibilityGlobals) = postSolution
		SolutionGuid = {7169E39D-DA47-4BB7-919C-01833FEADDC4}
	EndGlobalSection
EndGlobal
